
Microsoft Visual Studio Solution File, Format Version 12.00
Project("{FAE04EC0-301F-11D3-BF4B-00C04F79EFBC}") = "_1HelloWorld", "_1HelloWorld\_1HelloWorld.csproj", "{E8EAD478-4BE9-4B27-8D42-BCB2DECF70D8}"
EndProject
Project("{FAE04EC0-301F-11D3-BF4B-00C04F79EFBC}") = "_2Variable", "_2Variable\_2Variable.csproj", "{EB4B043C-50F8-42F0-83EC-A96DC345CABF}"
EndProject
Project("{FAE04EC0-301F-11D3-BF4B-00C04F79EFBC}") = "_3PractiveVariable", "_3PractiveVariable\_3PractiveVariable.csproj", "{BE0A4B7C-7299-4C4C-B2B5-64288EEC93BB}"
EndProject
Project("{FAE04EC0-301F-11D3-BF4B-00C04F79EFBC}") = "_4StringDataType", "_4StringDataType\_4StringDataType.csproj", "{4BC6AC29-5FA8-4F0D-8DF9-CEFCCD4BC95E}"
EndProject
Project("{FAE04EC0-301F-11D3-BF4B-00C04F79EFBC}") = "_5CodeRules", "_5CodeRules\_5CodeRules.csproj", "{EB0DB758-59E7-46F1-90BE-FA08EEAF69D7}"
EndProject
Project("{FAE04EC0-301F-11D3-BF4B-00C04F79EFBC}") = "_6ReferenceValue_Type", "_6ReferenceValue_Type\_6ReferenceValue_Type.csproj", "{C5D7FDE2-F7E9-4FDE-A07D-69AD02BC49D1}"
EndProject
Project("{FAE04EC0-301F-11D3-BF4B-00C04F79EFBC}") = "_7BasicInputAndOuput", "_7BasicInputAndOuput\_7BasicInputAndOuput.csproj", "{5BD29AB4-8D67-4216-8CE2-A69F6ED89B1A}"
EndProject
Global
	GlobalSection(SolutionConfigurationPlatforms) = preSolution
		Debug|Any CPU = Debug|Any CPU
		Release|Any CPU = Release|Any CPU
	EndGlobalSection
	GlobalSection(ProjectConfigurationPlatforms) = postSolution
		{E8EAD478-4BE9-4B27-8D42-BCB2DECF70D8}.Debug|Any CPU.ActiveCfg = Debug|Any CPU
		{E8EAD478-4BE9-4B27-8D42-BCB2DECF70D8}.Debug|Any CPU.Build.0 = Debug|Any CPU
		{E8EAD478-4BE9-4B27-8D42-BCB2DECF70D8}.Release|Any CPU.ActiveCfg = Release|Any CPU
		{E8EAD478-4BE9-4B27-8D42-BCB2DECF70D8}.Release|Any CPU.Build.0 = Release|Any CPU
		{EB4B043C-50F8-42F0-83EC-A96DC345CABF}.Debug|Any CPU.ActiveCfg = Debug|Any CPU
		{EB4B043C-50F8-42F0-83EC-A96DC345CABF}.Debug|Any CPU.Build.0 = Debug|Any CPU
		{EB4B043C-50F8-42F0-83EC-A96DC345CABF}.Release|Any CPU.ActiveCfg = Release|Any CPU
		{EB4B043C-50F8-42F0-83EC-A96DC345CABF}.Release|Any CPU.Build.0 = Release|Any CPU
		{BE0A4B7C-7299-4C4C-B2B5-64288EEC93BB}.Debug|Any CPU.ActiveCfg = Debug|Any CPU
		{BE0A4B7C-7299-4C4C-B2B5-64288EEC93BB}.Debug|Any CPU.Build.0 = Debug|Any CPU
		{BE0A4B7C-7299-4C4C-B2B5-64288EEC93BB}.Release|Any CPU.ActiveCfg = Release|Any CPU
		{BE0A4B7C-7299-4C4C-B2B5-64288EEC93BB}.Release|Any CPU.Build.0 = Release|Any CPU
		{4BC6AC29-5FA8-4F0D-8DF9-CEFCCD4BC95E}.Debug|Any CPU.ActiveCfg = Debug|Any CPU
		{4BC6AC29-5FA8-4F0D-8DF9-CEFCCD4BC95E}.Debug|Any CPU.Build.0 = Debug|Any CPU
		{4BC6AC29-5FA8-4F0D-8DF9-CEFCCD4BC95E}.Release|Any CPU.ActiveCfg = Release|Any CPU
		{4BC6AC29-5FA8-4F0D-8DF9-CEFCCD4BC95E}.Release|Any CPU.Build.0 = Release|Any CPU
		{EB0DB758-59E7-46F1-90BE-FA08EEAF69D7}.Debug|Any CPU.ActiveCfg = Debug|Any CPU
		{EB0DB758-59E7-46F1-90BE-FA08EEAF69D7}.Debug|Any CPU.Build.0 = Debug|Any CPU
		{EB0DB758-59E7-46F1-90BE-FA08EEAF69D7}.Release|Any CPU.ActiveCfg = Release|Any CPU
		{EB0DB758-59E7-46F1-90BE-FA08EEAF69D7}.Release|Any CPU.Build.0 = Release|Any CPU
		{C5D7FDE2-F7E9-4FDE-A07D-69AD02BC49D1}.Debug|Any CPU.ActiveCfg = Debug|Any CPU
		{C5D7FDE2-F7E9-4FDE-A07D-69AD02BC49D1}.Debug|Any CPU.Build.0 = Debug|Any CPU
		{C5D7FDE2-F7E9-4FDE-A07D-69AD02BC49D1}.Release|Any CPU.ActiveCfg = Release|Any CPU
		{C5D7FDE2-F7E9-4FDE-A07D-69AD02BC49D1}.Release|Any CPU.Build.0 = Release|Any CPU
		{5BD29AB4-8D67-4216-8CE2-A69F6ED89B1A}.Debug|Any CPU.ActiveCfg = Debug|Any CPU
		{5BD29AB4-8D67-4216-8CE2-A69F6ED89B1A}.Debug|Any CPU.Build.0 = Debug|Any CPU
		{5BD29AB4-8D67-4216-8CE2-A69F6ED89B1A}.Release|Any CPU.ActiveCfg = Release|Any CPU
		{5BD29AB4-8D67-4216-8CE2-A69F6ED89B1A}.Release|Any CPU.Build.0 = Release|Any CPU
	EndGlobalSection
EndGlobal
